
Microsoft Visual Studio Solution File, Format Version 12.00
# Visual Studio Version 17
VisualStudioVersion = 17.0.31903.59
MinimumVisualStudioVersion = 10.0.40219.1
Project("{2150E333-8FDC-42A3-9474-1A3956D46DE8}") = "src", "src", "{EDE7A716-BBC6-440B-9D2B-43F29E0C8AEA}"
EndProject
Project("{2150E333-8FDC-42A3-9474-1A3956D46DE8}") = "tests", "tests", "{AF8FCC79-FC86-4892-B6C3-7ABD3DFA5EC8}"
EndProject
Project("{2150E333-8FDC-42A3-9474-1A3956D46DE8}") = "Aspire", "Aspire", "{44C3C6CC-EEEE-4F3F-AD6E-59F7E32A69BF}"
EndProject
Project("{FAE04EC0-301F-11D3-BF4B-00C04F79EFBC}") = "Aspire.Host", "src\Aspire\Aspire.Host\Aspire.Host.csproj", "{D85D1283-2631-4BCA-A4AC-6DFC7F84967A}"
EndProject
Project("{2150E333-8FDC-42A3-9474-1A3956D46DE8}") = "Vidar", "Vidar", "{F930CE78-2843-4DD7-944D-29D966FB9D4D}"
EndProject
Project("{FAE04EC0-301F-11D3-BF4B-00C04F79EFBC}") = "Saga.Vidar.Host", "src\Vidar\Saga.Vidar.Host\Saga.Vidar.Host.csproj", "{61B9305F-4E09-4A68-8376-18864835FFEA}"
EndProject
Project("{2150E333-8FDC-42A3-9474-1A3956D46DE8}") = "Vidar", "Vidar", "{C427D98C-F189-43D2-8668-ED2ADF40C64E}"
EndProject
Project("{FAE04EC0-301F-11D3-BF4B-00C04F79EFBC}") = "Saga.Vidar.Domain", "src\Vidar\Saga.Vidar.Domain\Saga.Vidar.Domain.csproj", "{D4F956A1-2FA2-4D7E-AF0A-C9FC4B15B97E}"
EndProject
Project("{FAE04EC0-301F-11D3-BF4B-00C04F79EFBC}") = "Saga.Vidar.Application", "src\Vidar\Saga.Vidar.Application\Saga.Vidar.Application.csproj", "{7A5B5DC8-3A34-4461-8228-8A3CC2616C43}"
EndProject
Project("{FAE04EC0-301F-11D3-BF4B-00C04F79EFBC}") = "Saga.Vidar.Infrastructure", "src\Vidar\Saga.Vidar.Infrastructure\Saga.Vidar.Infrastructure.csproj", "{57D1CD1A-3476-465C-9816-B4578C34BD20}"
EndProject
Project("{FAE04EC0-301F-11D3-BF4B-00C04F79EFBC}") = "Saga.Vidar.Presentation", "src\Vidar\Saga.Vidar.Presentation\Saga.Vidar.Presentation.csproj", "{740DEAFC-BDE1-4E3D-B16B-1A9943B3D34E}"
EndProject
Project("{FAE04EC0-301F-11D3-BF4B-00C04F79EFBC}") = "Saga.Vidar.Architecture.Tests", "tests\Vidar\Saga.Vidar.Architecture.Tests\Saga.Vidar.Architecture.Tests.csproj", "{9580A840-4EE7-459E-9BEF-5CBF791E5BBE}"
EndProject
Global
	GlobalSection(SolutionConfigurationPlatforms) = preSolution
		Debug|Any CPU = Debug|Any CPU
		Release|Any CPU = Release|Any CPU
	EndGlobalSection
	GlobalSection(SolutionProperties) = preSolution
		HideSolutionNode = FALSE
	EndGlobalSection
	GlobalSection(NestedProjects) = preSolution
		{44C3C6CC-EEEE-4F3F-AD6E-59F7E32A69BF} = {EDE7A716-BBC6-440B-9D2B-43F29E0C8AEA}
		{D85D1283-2631-4BCA-A4AC-6DFC7F84967A} = {44C3C6CC-EEEE-4F3F-AD6E-59F7E32A69BF}
		{F930CE78-2843-4DD7-944D-29D966FB9D4D} = {EDE7A716-BBC6-440B-9D2B-43F29E0C8AEA}
		{61B9305F-4E09-4A68-8376-18864835FFEA} = {F930CE78-2843-4DD7-944D-29D966FB9D4D}
		{C427D98C-F189-43D2-8668-ED2ADF40C64E} = {AF8FCC79-FC86-4892-B6C3-7ABD3DFA5EC8}
		{D4F956A1-2FA2-4D7E-AF0A-C9FC4B15B97E} = {F930CE78-2843-4DD7-944D-29D966FB9D4D}
		{7A5B5DC8-3A34-4461-8228-8A3CC2616C43} = {F930CE78-2843-4DD7-944D-29D966FB9D4D}
		{57D1CD1A-3476-465C-9816-B4578C34BD20} = {F930CE78-2843-4DD7-944D-29D966FB9D4D}
		{740DEAFC-BDE1-4E3D-B16B-1A9943B3D34E} = {F930CE78-2843-4DD7-944D-29D966FB9D4D}
		{9580A840-4EE7-459E-9BEF-5CBF791E5BBE} = {C427D98C-F189-43D2-8668-ED2ADF40C64E}
	EndGlobalSection
	GlobalSection(ProjectConfigurationPlatforms) = postSolution
		{D85D1283-2631-4BCA-A4AC-6DFC7F84967A}.Debug|Any CPU.ActiveCfg = Debug|Any CPU
		{D85D1283-2631-4BCA-A4AC-6DFC7F84967A}.Debug|Any CPU.Build.0 = Debug|Any CPU
		{D85D1283-2631-4BCA-A4AC-6DFC7F84967A}.Release|Any CPU.ActiveCfg = Release|Any CPU
		{D85D1283-2631-4BCA-A4AC-6DFC7F84967A}.Release|Any CPU.Build.0 = Release|Any CPU
		{61B9305F-4E09-4A68-8376-18864835FFEA}.Debug|Any CPU.ActiveCfg = Debug|Any CPU
		{61B9305F-4E09-4A68-8376-18864835FFEA}.Debug|Any CPU.Build.0 = Debug|Any CPU
		{61B9305F-4E09-4A68-8376-18864835FFEA}.Release|Any CPU.ActiveCfg = Release|Any CPU
		{61B9305F-4E09-4A68-8376-18864835FFEA}.Release|Any CPU.Build.0 = Release|Any CPU
		{D4F956A1-2FA2-4D7E-AF0A-C9FC4B15B97E}.Debug|Any CPU.ActiveCfg = Debug|Any CPU
		{D4F956A1-2FA2-4D7E-AF0A-C9FC4B15B97E}.Debug|Any CPU.Build.0 = Debug|Any CPU
		{D4F956A1-2FA2-4D7E-AF0A-C9FC4B15B97E}.Release|Any CPU.ActiveCfg = Release|Any CPU
		{D4F956A1-2FA2-4D7E-AF0A-C9FC4B15B97E}.Release|Any CPU.Build.0 = Release|Any CPU
		{7A5B5DC8-3A34-4461-8228-8A3CC2616C43}.Debug|Any CPU.ActiveCfg = Debug|Any CPU
		{7A5B5DC8-3A34-4461-8228-8A3CC2616C43}.Debug|Any CPU.Build.0 = Debug|Any CPU
		{7A5B5DC8-3A34-4461-8228-8A3CC2616C43}.Release|Any CPU.ActiveCfg = Release|Any CPU
		{7A5B5DC8-3A34-4461-8228-8A3CC2616C43}.Release|Any CPU.Build.0 = Release|Any CPU
		{57D1CD1A-3476-465C-9816-B4578C34BD20}.Debug|Any CPU.ActiveCfg = Debug|Any CPU
		{57D1CD1A-3476-465C-9816-B4578C34BD20}.Debug|Any CPU.Build.0 = Debug|Any CPU
		{57D1CD1A-3476-465C-9816-B4578C34BD20}.Release|Any CPU.ActiveCfg = Release|Any CPU
		{57D1CD1A-3476-465C-9816-B4578C34BD20}.Release|Any CPU.Build.0 = Release|Any CPU
		{740DEAFC-BDE1-4E3D-B16B-1A9943B3D34E}.Debug|Any CPU.ActiveCfg = Debug|Any CPU
		{740DEAFC-BDE1-4E3D-B16B-1A9943B3D34E}.Debug|Any CPU.Build.0 = Debug|Any CPU
		{740DEAFC-BDE1-4E3D-B16B-1A9943B3D34E}.Release|Any CPU.ActiveCfg = Release|Any CPU
		{740DEAFC-BDE1-4E3D-B16B-1A9943B3D34E}.Release|Any CPU.Build.0 = Release|Any CPU
		{9580A840-4EE7-459E-9BEF-5CBF791E5BBE}.Debug|Any CPU.ActiveCfg = Debug|Any CPU
		{9580A840-4EE7-459E-9BEF-5CBF791E5BBE}.Debug|Any CPU.Build.0 = Debug|Any CPU
		{9580A840-4EE7-459E-9BEF-5CBF791E5BBE}.Release|Any CPU.ActiveCfg = Release|Any CPU
		{9580A840-4EE7-459E-9BEF-5CBF791E5BBE}.Release|Any CPU.Build.0 = Release|Any CPU
	EndGlobalSection
EndGlobal
