
Microsoft Visual Studio Solution File, Format Version 12.00
# Visual Studio Version 17
VisualStudioVersion = 17.0.31903.59
MinimumVisualStudioVersion = 10.0.40219.1
Project("{2150E333-8FDC-42A3-9474-1A3956D46DE8}") = "src", "src", "{EDE7A716-BBC6-440B-9D2B-43F29E0C8AEA}"
EndProject
Project("{2150E333-8FDC-42A3-9474-1A3956D46DE8}") = "tests", "tests", "{AF8FCC79-FC86-4892-B6C3-7ABD3DFA5EC8}"
EndProject
Project("{2150E333-8FDC-42A3-9474-1A3956D46DE8}") = "Aspire", "Aspire", "{44C3C6CC-EEEE-4F3F-AD6E-59F7E32A69BF}"
EndProject
Project("{FAE04EC0-301F-11D3-BF4B-00C04F79EFBC}") = "Aspire.Host", "src\Aspire\Aspire.Host\Aspire.Host.csproj", "{D85D1283-2631-4BCA-A4AC-6DFC7F84967A}"
EndProject
Project("{2150E333-8FDC-42A3-9474-1A3956D46DE8}") = "Vidar", "Vidar", "{F930CE78-2843-4DD7-944D-29D966FB9D4D}"
EndProject
Project("{FAE04EC0-301F-11D3-BF4B-00C04F79EFBC}") = "Saga.Vidar.Host", "src\Vidar\Saga.Vidar.Host\Saga.Vidar.Host.csproj", "{61B9305F-4E09-4A68-8376-18864835FFEA}"
EndProject
Project("{2150E333-8FDC-42A3-9474-1A3956D46DE8}") = "Vidar", "Vidar", "{C427D98C-F189-43D2-8668-ED2ADF40C64E}"
EndProject
Project("{FAE04EC0-301F-11D3-BF4B-00C04F79EFBC}") = "Saga.Vidar.Domain", "src\Vidar\Saga.Vidar.Domain\Saga.Vidar.Domain.csproj", "{D4F956A1-2FA2-4D7E-AF0A-C9FC4B15B97E}"
EndProject
Project("{FAE04EC0-301F-11D3-BF4B-00C04F79EFBC}") = "Saga.Vidar.Application", "src\Vidar\Saga.Vidar.Application\Saga.Vidar.Application.csproj", "{7A5B5DC8-3A34-4461-8228-8A3CC2616C43}"
EndProject
Project("{FAE04EC0-301F-11D3-BF4B-00C04F79EFBC}") = "Saga.Vidar.Infrastructure", "src\Vidar\Saga.Vidar.Infrastructure\Saga.Vidar.Infrastructure.csproj", "{57D1CD1A-3476-465C-9816-B4578C34BD20}"
EndProject
Project("{FAE04EC0-301F-11D3-BF4B-00C04F79EFBC}") = "Saga.Vidar.Presentation", "src\Vidar\Saga.Vidar.Presentation\Saga.Vidar.Presentation.csproj", "{740DEAFC-BDE1-4E3D-B16B-1A9943B3D34E}"
EndProject
Project("{FAE04EC0-301F-11D3-BF4B-00C04F79EFBC}") = "Saga.Vidar.Architecture.Tests", "tests\Vidar\Saga.Vidar.Architecture.Tests\Saga.Vidar.Architecture.Tests.csproj", "{9580A840-4EE7-459E-9BEF-5CBF791E5BBE}"
EndProject
Project("{2150E333-8FDC-42A3-9474-1A3956D46DE8}") = "Tyr", "Tyr", "{956AF935-2200-4259-8433-981BEE75BA0D}"
EndProject
Project("{FAE04EC0-301F-11D3-BF4B-00C04F79EFBC}") = "Saga.Tyr.Domain", "src\Tyr\Saga.Tyr.Domain\Saga.Tyr.Domain.csproj", "{6683EF25-751A-4AE6-80FD-84BAC00AC61C}"
EndProject
Project("{FAE04EC0-301F-11D3-BF4B-00C04F79EFBC}") = "Saga.Tyr.Application", "src\Tyr\Saga.Tyr.Application\Saga.Tyr.Application.csproj", "{55C8B08D-E8E3-4C75-A9B8-49E4FCBFCA3F}"
EndProject
Project("{FAE04EC0-301F-11D3-BF4B-00C04F79EFBC}") = "Saga.Tyr.Infrastructure", "src\Tyr\Saga.Tyr.Infrastructure\Saga.Tyr.Infrastructure.csproj", "{50AF117C-DD02-41A8-8119-276D3D157E02}"
EndProject
Project("{FAE04EC0-301F-11D3-BF4B-00C04F79EFBC}") = "Saga.Tyr.Presentation", "src\Tyr\Saga.Tyr.Presentation\Saga.Tyr.Presentation.csproj", "{05A2BC53-AF14-491E-A90C-E57ACAD6F896}"
EndProject
Project("{FAE04EC0-301F-11D3-BF4B-00C04F79EFBC}") = "Saga.Tyr.Host", "src\Tyr\Saga.Tyr.Host\Saga.Tyr.Host.csproj", "{200489D8-6769-4444-9291-CD578A0D7989}"
EndProject
Project("{2150E333-8FDC-42A3-9474-1A3956D46DE8}") = "Tyr", "Tyr", "{025B140F-D5DB-4ADB-9639-214232E05D1A}"
EndProject
Project("{FAE04EC0-301F-11D3-BF4B-00C04F79EFBC}") = "Saga.Tyr.Architecture.Tests", "tests\Tyr\Saga.Tyr.Architecture.Tests\Saga.Tyr.Architecture.Tests.csproj", "{99E678CF-9BC9-4CEC-B086-9F71F0B34CE0}"
EndProject
Project("{2150E333-8FDC-42A3-9474-1A3956D46DE8}") = "Dagny", "Dagny", "{1C1EF815-AF18-4D63-B04A-5599F6B8D55C}"
EndProject
Project("{2150E333-8FDC-42A3-9474-1A3956D46DE8}") = "Dagny", "Dagny", "{FB9033B8-2FD9-4C2D-800A-B451F399FD18}"
EndProject
Project("{FAE04EC0-301F-11D3-BF4B-00C04F79EFBC}") = "Saga.Dagny.Domain", "src\Dagny\Saga.Dagny.Domain\Saga.Dagny.Domain.csproj", "{7286C15F-F251-4D5B-B5D7-644EA29A8F0A}"
EndProject
Project("{FAE04EC0-301F-11D3-BF4B-00C04F79EFBC}") = "Saga.Dagny.Application", "src\Dagny\Saga.Dagny.Application\Saga.Dagny.Application.csproj", "{B32C26DD-B1D2-4C37-A064-F53B31524656}"
EndProject
Project("{FAE04EC0-301F-11D3-BF4B-00C04F79EFBC}") = "Saga.Dagny.Infrastructure", "src\Dagny\Saga.Dagny.Infrastructure\Saga.Dagny.Infrastructure.csproj", "{5A24F542-833A-4AEE-934B-63D56DECA015}"
EndProject
Project("{FAE04EC0-301F-11D3-BF4B-00C04F79EFBC}") = "Saga.Dagny.Presentation", "src\Dagny\Saga.Dagny.Presentation\Saga.Dagny.Presentation.csproj", "{27CCFD8C-D936-4898-AA1C-FE6280CABDC3}"
EndProject
Project("{FAE04EC0-301F-11D3-BF4B-00C04F79EFBC}") = "Saga.Dagny.Host", "src\Dagny\Saga.Dagny.Host\Saga.Dagny.Host.csproj", "{3A03D731-FFBB-4E87-B171-8E6472648CB1}"
EndProject
Project("{FAE04EC0-301F-11D3-BF4B-00C04F79EFBC}") = "Saga.Dagny.Architecture.Tests", "tests\Dagny\Saga.Dagny.Architecture.Tests\Saga.Dagny.Architecture.Tests.csproj", "{4F3FBF3C-F75E-4328-B097-1BDD15BE023E}"
EndProject
Project("{2150E333-8FDC-42A3-9474-1A3956D46DE8}") = "Gudrun", "Gudrun", "{68EE66C5-5228-4596-986E-B01AABD2B088}"
EndProject
Project("{FAE04EC0-301F-11D3-BF4B-00C04F79EFBC}") = "Saga.Gudrun.Domain", "src\Gudrun\Saga.Gudrun.Domain\Saga.Gudrun.Domain.csproj", "{C90FC5FB-4586-4BA6-A6AD-4FE08B281A7D}"
EndProject
Project("{FAE04EC0-301F-11D3-BF4B-00C04F79EFBC}") = "Saga.Gudrun.Application", "src\Gudrun\Saga.Gudrun.Application\Saga.Gudrun.Application.csproj", "{5D0920A3-E0C3-494C-A2D2-864522B3E33C}"
EndProject
Project("{FAE04EC0-301F-11D3-BF4B-00C04F79EFBC}") = "Saga.Gudrun.Infrastructure", "src\Gudrun\Saga.Gudrun.Infrastructure\Saga.Gudrun.Infrastructure.csproj", "{D749CC4A-C423-4999-BFD3-8AE1768D80CE}"
EndProject
Project("{FAE04EC0-301F-11D3-BF4B-00C04F79EFBC}") = "Saga.Gudrun.Presentation", "src\Gudrun\Saga.Gudrun.Presentation\Saga.Gudrun.Presentation.csproj", "{78CA0447-55B9-4D0F-9577-882C65DD5CCE}"
EndProject
Project("{FAE04EC0-301F-11D3-BF4B-00C04F79EFBC}") = "Saga.Gudrun.Host", "src\Gudrun\Saga.Gudrun.Host\Saga.Gudrun.Host.csproj", "{651BD3C3-50A3-4B30-A89E-488EA4C1ECC3}"
EndProject
Project("{2150E333-8FDC-42A3-9474-1A3956D46DE8}") = "Gudrun", "Gudrun", "{624B1390-6F54-40B8-BE6D-4BDBF22AAA09}"
EndProject
Project("{FAE04EC0-301F-11D3-BF4B-00C04F79EFBC}") = "Saga.Gudrun.Architecture.Tests", "tests\Gudrun\Saga.Gudrun.Architecture.Tests\Saga.Gudrun.Architecture.Tests.csproj", "{A4B31ABC-C54E-47E4-B733-68FFA957887E}"
EndProject
Global
	GlobalSection(SolutionConfigurationPlatforms) = preSolution
		Debug|Any CPU = Debug|Any CPU
		Release|Any CPU = Release|Any CPU
	EndGlobalSection
	GlobalSection(SolutionProperties) = preSolution
		HideSolutionNode = FALSE
	EndGlobalSection
	GlobalSection(NestedProjects) = preSolution
		{44C3C6CC-EEEE-4F3F-AD6E-59F7E32A69BF} = {EDE7A716-BBC6-440B-9D2B-43F29E0C8AEA}
		{D85D1283-2631-4BCA-A4AC-6DFC7F84967A} = {44C3C6CC-EEEE-4F3F-AD6E-59F7E32A69BF}
		{F930CE78-2843-4DD7-944D-29D966FB9D4D} = {EDE7A716-BBC6-440B-9D2B-43F29E0C8AEA}
		{61B9305F-4E09-4A68-8376-18864835FFEA} = {F930CE78-2843-4DD7-944D-29D966FB9D4D}
		{C427D98C-F189-43D2-8668-ED2ADF40C64E} = {AF8FCC79-FC86-4892-B6C3-7ABD3DFA5EC8}
		{D4F956A1-2FA2-4D7E-AF0A-C9FC4B15B97E} = {F930CE78-2843-4DD7-944D-29D966FB9D4D}
		{7A5B5DC8-3A34-4461-8228-8A3CC2616C43} = {F930CE78-2843-4DD7-944D-29D966FB9D4D}
		{57D1CD1A-3476-465C-9816-B4578C34BD20} = {F930CE78-2843-4DD7-944D-29D966FB9D4D}
		{740DEAFC-BDE1-4E3D-B16B-1A9943B3D34E} = {F930CE78-2843-4DD7-944D-29D966FB9D4D}
		{9580A840-4EE7-459E-9BEF-5CBF791E5BBE} = {C427D98C-F189-43D2-8668-ED2ADF40C64E}
		{956AF935-2200-4259-8433-981BEE75BA0D} = {EDE7A716-BBC6-440B-9D2B-43F29E0C8AEA}
		{6683EF25-751A-4AE6-80FD-84BAC00AC61C} = {956AF935-2200-4259-8433-981BEE75BA0D}
		{55C8B08D-E8E3-4C75-A9B8-49E4FCBFCA3F} = {956AF935-2200-4259-8433-981BEE75BA0D}
		{50AF117C-DD02-41A8-8119-276D3D157E02} = {956AF935-2200-4259-8433-981BEE75BA0D}
		{05A2BC53-AF14-491E-A90C-E57ACAD6F896} = {956AF935-2200-4259-8433-981BEE75BA0D}
		{200489D8-6769-4444-9291-CD578A0D7989} = {956AF935-2200-4259-8433-981BEE75BA0D}
		{025B140F-D5DB-4ADB-9639-214232E05D1A} = {AF8FCC79-FC86-4892-B6C3-7ABD3DFA5EC8}
		{99E678CF-9BC9-4CEC-B086-9F71F0B34CE0} = {025B140F-D5DB-4ADB-9639-214232E05D1A}
		{1C1EF815-AF18-4D63-B04A-5599F6B8D55C} = {EDE7A716-BBC6-440B-9D2B-43F29E0C8AEA}
		{FB9033B8-2FD9-4C2D-800A-B451F399FD18} = {AF8FCC79-FC86-4892-B6C3-7ABD3DFA5EC8}
		{7286C15F-F251-4D5B-B5D7-644EA29A8F0A} = {1C1EF815-AF18-4D63-B04A-5599F6B8D55C}
		{B32C26DD-B1D2-4C37-A064-F53B31524656} = {1C1EF815-AF18-4D63-B04A-5599F6B8D55C}
		{5A24F542-833A-4AEE-934B-63D56DECA015} = {1C1EF815-AF18-4D63-B04A-5599F6B8D55C}
		{27CCFD8C-D936-4898-AA1C-FE6280CABDC3} = {1C1EF815-AF18-4D63-B04A-5599F6B8D55C}
		{3A03D731-FFBB-4E87-B171-8E6472648CB1} = {1C1EF815-AF18-4D63-B04A-5599F6B8D55C}
		{4F3FBF3C-F75E-4328-B097-1BDD15BE023E} = {FB9033B8-2FD9-4C2D-800A-B451F399FD18}
		{68EE66C5-5228-4596-986E-B01AABD2B088} = {EDE7A716-BBC6-440B-9D2B-43F29E0C8AEA}
		{C90FC5FB-4586-4BA6-A6AD-4FE08B281A7D} = {68EE66C5-5228-4596-986E-B01AABD2B088}
		{5D0920A3-E0C3-494C-A2D2-864522B3E33C} = {68EE66C5-5228-4596-986E-B01AABD2B088}
		{D749CC4A-C423-4999-BFD3-8AE1768D80CE} = {68EE66C5-5228-4596-986E-B01AABD2B088}
		{78CA0447-55B9-4D0F-9577-882C65DD5CCE} = {68EE66C5-5228-4596-986E-B01AABD2B088}
		{651BD3C3-50A3-4B30-A89E-488EA4C1ECC3} = {68EE66C5-5228-4596-986E-B01AABD2B088}
		{624B1390-6F54-40B8-BE6D-4BDBF22AAA09} = {AF8FCC79-FC86-4892-B6C3-7ABD3DFA5EC8}
		{A4B31ABC-C54E-47E4-B733-68FFA957887E} = {624B1390-6F54-40B8-BE6D-4BDBF22AAA09}
	EndGlobalSection
	GlobalSection(ProjectConfigurationPlatforms) = postSolution
		{D85D1283-2631-4BCA-A4AC-6DFC7F84967A}.Debug|Any CPU.ActiveCfg = Debug|Any CPU
		{D85D1283-2631-4BCA-A4AC-6DFC7F84967A}.Debug|Any CPU.Build.0 = Debug|Any CPU
		{D85D1283-2631-4BCA-A4AC-6DFC7F84967A}.Release|Any CPU.ActiveCfg = Release|Any CPU
		{D85D1283-2631-4BCA-A4AC-6DFC7F84967A}.Release|Any CPU.Build.0 = Release|Any CPU
		{61B9305F-4E09-4A68-8376-18864835FFEA}.Debug|Any CPU.ActiveCfg = Debug|Any CPU
		{61B9305F-4E09-4A68-8376-18864835FFEA}.Debug|Any CPU.Build.0 = Debug|Any CPU
		{61B9305F-4E09-4A68-8376-18864835FFEA}.Release|Any CPU.ActiveCfg = Release|Any CPU
		{61B9305F-4E09-4A68-8376-18864835FFEA}.Release|Any CPU.Build.0 = Release|Any CPU
		{D4F956A1-2FA2-4D7E-AF0A-C9FC4B15B97E}.Debug|Any CPU.ActiveCfg = Debug|Any CPU
		{D4F956A1-2FA2-4D7E-AF0A-C9FC4B15B97E}.Debug|Any CPU.Build.0 = Debug|Any CPU
		{D4F956A1-2FA2-4D7E-AF0A-C9FC4B15B97E}.Release|Any CPU.ActiveCfg = Release|Any CPU
		{D4F956A1-2FA2-4D7E-AF0A-C9FC4B15B97E}.Release|Any CPU.Build.0 = Release|Any CPU
		{7A5B5DC8-3A34-4461-8228-8A3CC2616C43}.Debug|Any CPU.ActiveCfg = Debug|Any CPU
		{7A5B5DC8-3A34-4461-8228-8A3CC2616C43}.Debug|Any CPU.Build.0 = Debug|Any CPU
		{7A5B5DC8-3A34-4461-8228-8A3CC2616C43}.Release|Any CPU.ActiveCfg = Release|Any CPU
		{7A5B5DC8-3A34-4461-8228-8A3CC2616C43}.Release|Any CPU.Build.0 = Release|Any CPU
		{57D1CD1A-3476-465C-9816-B4578C34BD20}.Debug|Any CPU.ActiveCfg = Debug|Any CPU
		{57D1CD1A-3476-465C-9816-B4578C34BD20}.Debug|Any CPU.Build.0 = Debug|Any CPU
		{57D1CD1A-3476-465C-9816-B4578C34BD20}.Release|Any CPU.ActiveCfg = Release|Any CPU
		{57D1CD1A-3476-465C-9816-B4578C34BD20}.Release|Any CPU.Build.0 = Release|Any CPU
		{740DEAFC-BDE1-4E3D-B16B-1A9943B3D34E}.Debug|Any CPU.ActiveCfg = Debug|Any CPU
		{740DEAFC-BDE1-4E3D-B16B-1A9943B3D34E}.Debug|Any CPU.Build.0 = Debug|Any CPU
		{740DEAFC-BDE1-4E3D-B16B-1A9943B3D34E}.Release|Any CPU.ActiveCfg = Release|Any CPU
		{740DEAFC-BDE1-4E3D-B16B-1A9943B3D34E}.Release|Any CPU.Build.0 = Release|Any CPU
		{9580A840-4EE7-459E-9BEF-5CBF791E5BBE}.Debug|Any CPU.ActiveCfg = Debug|Any CPU
		{9580A840-4EE7-459E-9BEF-5CBF791E5BBE}.Debug|Any CPU.Build.0 = Debug|Any CPU
		{9580A840-4EE7-459E-9BEF-5CBF791E5BBE}.Release|Any CPU.ActiveCfg = Release|Any CPU
		{9580A840-4EE7-459E-9BEF-5CBF791E5BBE}.Release|Any CPU.Build.0 = Release|Any CPU
		{6683EF25-751A-4AE6-80FD-84BAC00AC61C}.Debug|Any CPU.ActiveCfg = Debug|Any CPU
		{6683EF25-751A-4AE6-80FD-84BAC00AC61C}.Debug|Any CPU.Build.0 = Debug|Any CPU
		{6683EF25-751A-4AE6-80FD-84BAC00AC61C}.Release|Any CPU.ActiveCfg = Release|Any CPU
		{6683EF25-751A-4AE6-80FD-84BAC00AC61C}.Release|Any CPU.Build.0 = Release|Any CPU
		{55C8B08D-E8E3-4C75-A9B8-49E4FCBFCA3F}.Debug|Any CPU.ActiveCfg = Debug|Any CPU
		{55C8B08D-E8E3-4C75-A9B8-49E4FCBFCA3F}.Debug|Any CPU.Build.0 = Debug|Any CPU
		{55C8B08D-E8E3-4C75-A9B8-49E4FCBFCA3F}.Release|Any CPU.ActiveCfg = Release|Any CPU
		{55C8B08D-E8E3-4C75-A9B8-49E4FCBFCA3F}.Release|Any CPU.Build.0 = Release|Any CPU
		{50AF117C-DD02-41A8-8119-276D3D157E02}.Debug|Any CPU.ActiveCfg = Debug|Any CPU
		{50AF117C-DD02-41A8-8119-276D3D157E02}.Debug|Any CPU.Build.0 = Debug|Any CPU
		{50AF117C-DD02-41A8-8119-276D3D157E02}.Release|Any CPU.ActiveCfg = Release|Any CPU
		{50AF117C-DD02-41A8-8119-276D3D157E02}.Release|Any CPU.Build.0 = Release|Any CPU
		{05A2BC53-AF14-491E-A90C-E57ACAD6F896}.Debug|Any CPU.ActiveCfg = Debug|Any CPU
		{05A2BC53-AF14-491E-A90C-E57ACAD6F896}.Debug|Any CPU.Build.0 = Debug|Any CPU
		{05A2BC53-AF14-491E-A90C-E57ACAD6F896}.Release|Any CPU.ActiveCfg = Release|Any CPU
		{05A2BC53-AF14-491E-A90C-E57ACAD6F896}.Release|Any CPU.Build.0 = Release|Any CPU
		{200489D8-6769-4444-9291-CD578A0D7989}.Debug|Any CPU.ActiveCfg = Debug|Any CPU
		{200489D8-6769-4444-9291-CD578A0D7989}.Debug|Any CPU.Build.0 = Debug|Any CPU
		{200489D8-6769-4444-9291-CD578A0D7989}.Release|Any CPU.ActiveCfg = Release|Any CPU
		{200489D8-6769-4444-9291-CD578A0D7989}.Release|Any CPU.Build.0 = Release|Any CPU
		{99E678CF-9BC9-4CEC-B086-9F71F0B34CE0}.Debug|Any CPU.ActiveCfg = Debug|Any CPU
		{99E678CF-9BC9-4CEC-B086-9F71F0B34CE0}.Debug|Any CPU.Build.0 = Debug|Any CPU
		{99E678CF-9BC9-4CEC-B086-9F71F0B34CE0}.Release|Any CPU.ActiveCfg = Release|Any CPU
		{99E678CF-9BC9-4CEC-B086-9F71F0B34CE0}.Release|Any CPU.Build.0 = Release|Any CPU
		{7286C15F-F251-4D5B-B5D7-644EA29A8F0A}.Debug|Any CPU.ActiveCfg = Debug|Any CPU
		{7286C15F-F251-4D5B-B5D7-644EA29A8F0A}.Debug|Any CPU.Build.0 = Debug|Any CPU
		{7286C15F-F251-4D5B-B5D7-644EA29A8F0A}.Release|Any CPU.ActiveCfg = Release|Any CPU
		{7286C15F-F251-4D5B-B5D7-644EA29A8F0A}.Release|Any CPU.Build.0 = Release|Any CPU
		{B32C26DD-B1D2-4C37-A064-F53B31524656}.Debug|Any CPU.ActiveCfg = Debug|Any CPU
		{B32C26DD-B1D2-4C37-A064-F53B31524656}.Debug|Any CPU.Build.0 = Debug|Any CPU
		{B32C26DD-B1D2-4C37-A064-F53B31524656}.Release|Any CPU.ActiveCfg = Release|Any CPU
		{B32C26DD-B1D2-4C37-A064-F53B31524656}.Release|Any CPU.Build.0 = Release|Any CPU
		{5A24F542-833A-4AEE-934B-63D56DECA015}.Debug|Any CPU.ActiveCfg = Debug|Any CPU
		{5A24F542-833A-4AEE-934B-63D56DECA015}.Debug|Any CPU.Build.0 = Debug|Any CPU
		{5A24F542-833A-4AEE-934B-63D56DECA015}.Release|Any CPU.ActiveCfg = Release|Any CPU
		{5A24F542-833A-4AEE-934B-63D56DECA015}.Release|Any CPU.Build.0 = Release|Any CPU
		{27CCFD8C-D936-4898-AA1C-FE6280CABDC3}.Debug|Any CPU.ActiveCfg = Debug|Any CPU
		{27CCFD8C-D936-4898-AA1C-FE6280CABDC3}.Debug|Any CPU.Build.0 = Debug|Any CPU
		{27CCFD8C-D936-4898-AA1C-FE6280CABDC3}.Release|Any CPU.ActiveCfg = Release|Any CPU
		{27CCFD8C-D936-4898-AA1C-FE6280CABDC3}.Release|Any CPU.Build.0 = Release|Any CPU
		{3A03D731-FFBB-4E87-B171-8E6472648CB1}.Debug|Any CPU.ActiveCfg = Debug|Any CPU
		{3A03D731-FFBB-4E87-B171-8E6472648CB1}.Debug|Any CPU.Build.0 = Debug|Any CPU
		{3A03D731-FFBB-4E87-B171-8E6472648CB1}.Release|Any CPU.ActiveCfg = Release|Any CPU
		{3A03D731-FFBB-4E87-B171-8E6472648CB1}.Release|Any CPU.Build.0 = Release|Any CPU
		{4F3FBF3C-F75E-4328-B097-1BDD15BE023E}.Debug|Any CPU.ActiveCfg = Debug|Any CPU
		{4F3FBF3C-F75E-4328-B097-1BDD15BE023E}.Debug|Any CPU.Build.0 = Debug|Any CPU
		{4F3FBF3C-F75E-4328-B097-1BDD15BE023E}.Release|Any CPU.ActiveCfg = Release|Any CPU
		{4F3FBF3C-F75E-4328-B097-1BDD15BE023E}.Release|Any CPU.Build.0 = Release|Any CPU
		{C90FC5FB-4586-4BA6-A6AD-4FE08B281A7D}.Debug|Any CPU.ActiveCfg = Debug|Any CPU
		{C90FC5FB-4586-4BA6-A6AD-4FE08B281A7D}.Debug|Any CPU.Build.0 = Debug|Any CPU
		{C90FC5FB-4586-4BA6-A6AD-4FE08B281A7D}.Release|Any CPU.ActiveCfg = Release|Any CPU
		{C90FC5FB-4586-4BA6-A6AD-4FE08B281A7D}.Release|Any CPU.Build.0 = Release|Any CPU
		{5D0920A3-E0C3-494C-A2D2-864522B3E33C}.Debug|Any CPU.ActiveCfg = Debug|Any CPU
		{5D0920A3-E0C3-494C-A2D2-864522B3E33C}.Debug|Any CPU.Build.0 = Debug|Any CPU
		{5D0920A3-E0C3-494C-A2D2-864522B3E33C}.Release|Any CPU.ActiveCfg = Release|Any CPU
		{5D0920A3-E0C3-494C-A2D2-864522B3E33C}.Release|Any CPU.Build.0 = Release|Any CPU
		{D749CC4A-C423-4999-BFD3-8AE1768D80CE}.Debug|Any CPU.ActiveCfg = Debug|Any CPU
		{D749CC4A-C423-4999-BFD3-8AE1768D80CE}.Debug|Any CPU.Build.0 = Debug|Any CPU
		{D749CC4A-C423-4999-BFD3-8AE1768D80CE}.Release|Any CPU.ActiveCfg = Release|Any CPU
		{D749CC4A-C423-4999-BFD3-8AE1768D80CE}.Release|Any CPU.Build.0 = Release|Any CPU
		{78CA0447-55B9-4D0F-9577-882C65DD5CCE}.Debug|Any CPU.ActiveCfg = Debug|Any CPU
		{78CA0447-55B9-4D0F-9577-882C65DD5CCE}.Debug|Any CPU.Build.0 = Debug|Any CPU
		{78CA0447-55B9-4D0F-9577-882C65DD5CCE}.Release|Any CPU.ActiveCfg = Release|Any CPU
		{78CA0447-55B9-4D0F-9577-882C65DD5CCE}.Release|Any CPU.Build.0 = Release|Any CPU
		{651BD3C3-50A3-4B30-A89E-488EA4C1ECC3}.Debug|Any CPU.ActiveCfg = Debug|Any CPU
		{651BD3C3-50A3-4B30-A89E-488EA4C1ECC3}.Debug|Any CPU.Build.0 = Debug|Any CPU
		{651BD3C3-50A3-4B30-A89E-488EA4C1ECC3}.Release|Any CPU.ActiveCfg = Release|Any CPU
		{651BD3C3-50A3-4B30-A89E-488EA4C1ECC3}.Release|Any CPU.Build.0 = Release|Any CPU
		{A4B31ABC-C54E-47E4-B733-68FFA957887E}.Debug|Any CPU.ActiveCfg = Debug|Any CPU
		{A4B31ABC-C54E-47E4-B733-68FFA957887E}.Debug|Any CPU.Build.0 = Debug|Any CPU
		{A4B31ABC-C54E-47E4-B733-68FFA957887E}.Release|Any CPU.ActiveCfg = Release|Any CPU
		{A4B31ABC-C54E-47E4-B733-68FFA957887E}.Release|Any CPU.Build.0 = Release|Any CPU
	EndGlobalSection
EndGlobal
